
Microsoft Visual Studio Solution File, Format Version 12.00
# Visual Studio Version 17
VisualStudioVersion = 17.12.35527.113
MinimumVisualStudioVersion = 10.0.40219.1
Project("{FAE04EC0-301F-11D3-BF4B-00C04F79EFBC}") = "DSA.Console", "DSA.Console\DSA.Console.csproj", "{45D43AB7-C5F1-4EE6-9B7E-5437A177337A}"
EndProject
Project("{FAE04EC0-301F-11D3-BF4B-00C04F79EFBC}") = "SortingTechniques", "SortingTechniques\SortingTechniques.csproj", "{1FFBF91C-0AEA-48F6-A012-178576953805}"
EndProject
Project("{FAE04EC0-301F-11D3-BF4B-00C04F79EFBC}") = "SearchingTechniques", "SearchingTechniques\SearchingTechniques.csproj", "{1224D89F-34CA-4FE3-8266-DDC057414AD4}"
EndProject
Global
	GlobalSection(SolutionConfigurationPlatforms) = preSolution
		Debug|Any CPU = Debug|Any CPU
		Release|Any CPU = Release|Any CPU
	EndGlobalSection
	GlobalSection(ProjectConfigurationPlatforms) = postSolution
		{45D43AB7-C5F1-4EE6-9B7E-5437A177337A}.Debug|Any CPU.ActiveCfg = Debug|Any CPU
		{45D43AB7-C5F1-4EE6-9B7E-5437A177337A}.Debug|Any CPU.Build.0 = Debug|Any CPU
		{45D43AB7-C5F1-4EE6-9B7E-5437A177337A}.Release|Any CPU.ActiveCfg = Release|Any CPU
		{45D43AB7-C5F1-4EE6-9B7E-5437A177337A}.Release|Any CPU.Build.0 = Release|Any CPU
		{1FFBF91C-0AEA-48F6-A012-178576953805}.Debug|Any CPU.ActiveCfg = Debug|Any CPU
		{1FFBF91C-0AEA-48F6-A012-178576953805}.Debug|Any CPU.Build.0 = Debug|Any CPU
		{1FFBF91C-0AEA-48F6-A012-178576953805}.Release|Any CPU.ActiveCfg = Release|Any CPU
		{1FFBF91C-0AEA-48F6-A012-178576953805}.Release|Any CPU.Build.0 = Release|Any CPU
		{1224D89F-34CA-4FE3-8266-DDC057414AD4}.Debug|Any CPU.ActiveCfg = Debug|Any CPU
		{1224D89F-34CA-4FE3-8266-DDC057414AD4}.Debug|Any CPU.Build.0 = Debug|Any CPU
		{1224D89F-34CA-4FE3-8266-DDC057414AD4}.Release|Any CPU.ActiveCfg = Release|Any CPU
		{1224D89F-34CA-4FE3-8266-DDC057414AD4}.Release|Any CPU.Build.0 = Release|Any CPU
	EndGlobalSection
	GlobalSection(SolutionProperties) = preSolution
		HideSolutionNode = FALSE
	EndGlobalSection
EndGlobal
